
Microsoft Visual Studio Solution File, Format Version 12.00
# Visual Studio 15
VisualStudioVersion = 15.0.27130.2010
MinimumVisualStudioVersion = 10.0.40219.1
Project("{8BC9CEB8-8B4A-11D0-8D11-00A0C91BC942}") = "D3D_Framework", "D3D_Framework\D3D_Framework.vcxproj", "{C8018301-02FC-4D6B-9C65-573989B98208}"
EndProject
Global
	GlobalSection(SolutionConfigurationPlatforms) = preSolution
		Debug|x64 = Debug|x64
		Debug|x86 = Debug|x86
		Release|x64 = Release|x64
		Release|x86 = Release|x86
	EndGlobalSection
	GlobalSection(ProjectConfigurationPlatforms) = postSolution
		{C8018301-02FC-4D6B-9C65-573989B98208}.Debug|x64.ActiveCfg = Debug|x64
		{C8018301-02FC-4D6B-9C65-573989B98208}.Debug|x64.Build.0 = Debug|x64
		{C8018301-02FC-4D6B-9C65-573989B98208}.Debug|x86.ActiveCfg = Debug|Win32
		{C8018301-02FC-4D6B-9C65-573989B98208}.Debug|x86.Build.0 = Debug|Win32
		{C8018301-02FC-4D6B-9C65-573989B98208}.Release|x64.ActiveCfg = Release|x64
		{C8018301-02FC-4D6B-9C65-573989B98208}.Release|x64.Build.0 = Release|x64
		{C8018301-02FC-4D6B-9C65-573989B98208}.Release|x86.ActiveCfg = Release|Win32
		{C8018301-02FC-4D6B-9C65-573989B98208}.Release|x86.Build.0 = Release|Win32
	EndGlobalSection
	GlobalSection(SolutionProperties) = preSolution
		HideSolutionNode = FALSE
	EndGlobalSection
	GlobalSection(ExtensibilityGlobals) = postSolution
		SolutionGuid = {0C667F2B-4982-48AF-8889-C663F4228C46}
	EndGlobalSection
EndGlobal
