<?xml version="1.0" encoding="utf-8"?>
<Project ToolsVersion="4.0" xmlns="http://schemas.microsoft.com/developer/msbuild/2003">
  <ItemGroup>
    <Filter Include="소스 파일">
      <UniqueIdentifier>{4FC737F1-C7A5-4376-A066-2A32D752A2FF}</UniqueIdentifier>
      <Extensions>cpp;c;cc;cxx;def;odl;idl;hpj;bat;asm;asmx</Extensions>
    </Filter>
    <Filter Include="헤더 파일">
      <UniqueIdentifier>{93995380-89BD-4b04-88EB-625FBE52EBFB}</UniqueIdentifier>
      <Extensions>h;hh;hpp;hxx;hm;inl;inc;xsd</Extensions>
    </Filter>
    <Filter Include="리소스 파일">
      <UniqueIdentifier>{67DA6AB6-F800-4c08-8B7A-83BB121AAD01}</UniqueIdentifier>
      <Extensions>rc;ico;cur;bmp;dlg;rc2;rct;bin;rgs;gif;jpg;jpeg;jpe;resx;tiff;tif;png;wav;mfcribbon-ms</Extensions>
    </Filter>
    <Filter Include="소스 파일\D3DMain">
      <UniqueIdentifier>{d03f0a05-68be-484b-bd8f-ff525ae2866b}</UniqueIdentifier>
    </Filter>
    <Filter Include="D3DGameFramework">
      <UniqueIdentifier>{6bf53032-cb6c-47cb-8b68-daa3383684af}</UniqueIdentifier>
    </Filter>
    <Filter Include="D3DGameFramework\cSingletonBase">
      <UniqueIdentifier>{7d357f68-e0aa-4fc7-bc2a-92a40ed412c8}</UniqueIdentifier>
    </Filter>
    <Filter Include="D3DGameFramework\cGameNode">
      <UniqueIdentifier>{50ff888b-4485-41a8-bf5f-4bb7a2ce34ad}</UniqueIdentifier>
    </Filter>
    <Filter Include="소스 파일\cMainGame">
      <UniqueIdentifier>{d6ecfb07-2398-4e74-a4e1-df37a23d10d0}</UniqueIdentifier>
    </Filter>
    <Filter Include="D3DGameFramework\manager">
      <UniqueIdentifier>{d1b1f1ce-0680-4b43-8b28-06774c3b2312}</UniqueIdentifier>
    </Filter>
    <Filter Include="D3DGameFramework\manager\cKeyManager">
      <UniqueIdentifier>{1a071664-525d-45d6-9afb-8cd83f29cf3c}</UniqueIdentifier>
    </Filter>
    <Filter Include="D3DGameFramework\manager\cDeviceManager">
      <UniqueIdentifier>{797308d6-625f-48ee-b17e-76290225958d}</UniqueIdentifier>
    </Filter>
    <Filter Include="D3DGameFramework\cCamera">
      <UniqueIdentifier>{b375bacc-299e-4dc4-a9df-b8e0fa54db6a}</UniqueIdentifier>
    </Filter>
    <Filter Include="D3DGameFramework\tile">
      <UniqueIdentifier>{e7e54ba9-8852-402b-8c5b-8a8c26d8dccd}</UniqueIdentifier>
    </Filter>
    <Filter Include="D3DGameFramework\tile\cCubeTile">
      <UniqueIdentifier>{01094318-9793-4c20-aa68-6e75cb2b1f6e}</UniqueIdentifier>
    </Filter>
    <Filter Include="D3DGameFramework\object">
      <UniqueIdentifier>{eb94ecc9-839f-41d3-828d-3d9a8e433470}</UniqueIdentifier>
    </Filter>
    <Filter Include="D3DGameFramework\object\cCubeObj">
      <UniqueIdentifier>{7f41b041-0cd6-40cb-b358-92e1bb9362b5}</UniqueIdentifier>
    </Filter>
    <Filter Include="D3DGameFramework\tile\cRectTile">
      <UniqueIdentifier>{98c9b646-d292-4115-9ab6-f5549d1015bc}</UniqueIdentifier>
    </Filter>
    <Filter Include="D3DGameFramework\grid">
      <UniqueIdentifier>{2c03bd78-07ce-486f-acbd-0e841821a2cf}</UniqueIdentifier>
    </Filter>
    <Filter Include="D3DGameFramework\manager\cRndManager">
      <UniqueIdentifier>{fd06e631-bf8d-433e-b97c-27eb20505c2f}</UniqueIdentifier>
    </Filter>
    <Filter Include="D3DGameFramework\commonData">
      <UniqueIdentifier>{a2e95040-6eda-4ef7-90b0-2935bf4b5a6e}</UniqueIdentifier>
    </Filter>
    <Filter Include="D3DGameFramework\commonData\commonST">
      <UniqueIdentifier>{e93b0ceb-15b3-4d45-a9ba-1a00309ba25b}</UniqueIdentifier>
    </Filter>
    <Filter Include="D3DGameFramework\commonData\commonDF">
      <UniqueIdentifier>{fce1c25b-0be6-4ba2-bd40-f5da7095b394}</UniqueIdentifier>
    </Filter>
    <Filter Include="D3DGameFramework\commonData\commonFC">
      <UniqueIdentifier>{9cea3965-1df8-48b8-addf-f975237c1bf3}</UniqueIdentifier>
    </Filter>
    <Filter Include="D3DGameFramework\object\cCubeObj\cCubeCharacter">
      <UniqueIdentifier>{715a66a9-78e4-4169-9b92-ce619fc044e5}</UniqueIdentifier>
    </Filter>
    <Filter Include="D3DGameFramework\object\cCubeObj\cCubeCharacter\cCubeMan">
      <UniqueIdentifier>{f4beda2a-1c23-4a09-83c5-5281328be4de}</UniqueIdentifier>
    </Filter>
    <Filter Include="D3DGameFramework\manager\cTimeManager">
      <UniqueIdentifier>{04fae5bd-630a-441d-a61e-f197a1280824}</UniqueIdentifier>
    </Filter>
    <Filter Include="D3DGameFramework\manager\cTimeManager\cTimer">
      <UniqueIdentifier>{faefae24-ae51-4758-84d6-868e5bca5536}</UniqueIdentifier>
    </Filter>
    <Filter Include="D3DGameFramework\manager\cSceneManager">
      <UniqueIdentifier>{2cf9dd61-fadb-45e3-9bfe-75cb5ffe12fd}</UniqueIdentifier>
    </Filter>
    <Filter Include="소스 파일\cMainGame\cMainMenu">
      <UniqueIdentifier>{b655ae3e-f5ac-4073-be62-b28f48fb9346}</UniqueIdentifier>
    </Filter>
    <Filter Include="소스 파일\cMainGame\cInGame">
      <UniqueIdentifier>{92d5fe71-ceda-4d26-9f28-1778fa7d43b7}</UniqueIdentifier>
    </Filter>
    <Filter Include="D3DGameFramework\manager\cSoundManager">
      <UniqueIdentifier>{c785c990-e091-4f65-819f-eb8e2150652a}</UniqueIdentifier>
    </Filter>
    <Filter Include="D3DGameFramework\manager\cImageManager">
      <UniqueIdentifier>{c0c88686-e7e2-4490-8801-0376ecdce4ed}</UniqueIdentifier>
    </Filter>
    <Filter Include="D3DGameFramework\manager\cImageManager\cImage">
      <UniqueIdentifier>{1e98b6fc-f528-4435-8148-d8971a111db4}</UniqueIdentifier>
    </Filter>
    <Filter Include="D3DGameFramework\manager\cSpriteManager">
      <UniqueIdentifier>{317addad-f58d-4e25-b0bd-64aa93771ab9}</UniqueIdentifier>
    </Filter>
    <Filter Include="D3DGameFramework\manager\cSpriteManager\cSprite">
      <UniqueIdentifier>{e7274ced-e9b5-4ecd-a31d-a88940187d07}</UniqueIdentifier>
    </Filter>
    <Filter Include="D3DGameFramework\action">
      <UniqueIdentifier>{c6ee9be2-caf2-495c-b830-20d1065596dd}</UniqueIdentifier>
    </Filter>
    <Filter Include="D3DGameFramework\action\cAction">
      <UniqueIdentifier>{fa2f2849-3fbc-4c13-a11d-c91c377350da}</UniqueIdentifier>
    </Filter>
    <Filter Include="D3DGameFramework\action\cInterpolation">
      <UniqueIdentifier>{ffee8bf1-f09d-4f81-8ba7-90920fbbca20}</UniqueIdentifier>
    </Filter>
    <Filter Include="D3DGameFramework\action\cAction\cActionLiner">
      <UniqueIdentifier>{aca18648-4dc4-47cf-96f6-6fe2d40abf3e}</UniqueIdentifier>
    </Filter>
    <Filter Include="D3DGameFramework\action\cAction\cActionSequence">
      <UniqueIdentifier>{d0982f1f-efdb-4677-802d-73e96d077630}</UniqueIdentifier>
    </Filter>
    <Filter Include="D3DGameFramework\manager\cFontManager">
      <UniqueIdentifier>{07a84a50-b8cd-46ae-a855-8845819b1d0a}</UniqueIdentifier>
    </Filter>
    <Filter Include="D3DGameFramework\manager\cFontManager\cFont">
      <UniqueIdentifier>{abe81046-8a31-4f82-b5db-f6de478fd841}</UniqueIdentifier>
    </Filter>
    <Filter Include="D3DGameFramework\UTILS">
      <UniqueIdentifier>{75478105-a81d-4862-9603-0d58262aa889}</UniqueIdentifier>
    </Filter>
    <Filter Include="D3DGameFramework\object\cCubeObj\cCubeCharacter\cCubeMan\cCubeManPlayer">
      <UniqueIdentifier>{474e96e9-9f26-47e9-b829-404be5bdf46a}</UniqueIdentifier>
    </Filter>
    <Filter Include="D3DGameFramework\object\cCubeObj\cCubeCharacter\cCubeMan\cCubeManNpc">
      <UniqueIdentifier>{f5b0ef37-1a4d-4f38-ab15-3c39e1743f15}</UniqueIdentifier>
    </Filter>
    <Filter Include="D3DGameFramework\object\cCubeObj\cCubeCharacter\cCubeMan\cCubeManAi">
      <UniqueIdentifier>{f0b63328-86a9-47d7-afad-a7e2364ea20f}</UniqueIdentifier>
    </Filter>
    <Filter Include="D3DGameFramework\manager\cAseLoadManager">
      <UniqueIdentifier>{b2fd426a-c34b-464c-bfe6-b5a9a613474e}</UniqueIdentifier>
    </Filter>
    <Filter Include="D3DGameFramework\object\cAseObj">
      <UniqueIdentifier>{cbc31272-edfa-4964-b6ac-38133f49dc77}</UniqueIdentifier>
    </Filter>
    <Filter Include="D3DGameFramework\object\cAseObj\cAseCharacter">
      <UniqueIdentifier>{a278d7a8-aa6d-4a2b-9304-f5952e7173b5}</UniqueIdentifier>
    </Filter>
    <Filter Include="D3DGameFramework\manager\cTexMtlManager">
      <UniqueIdentifier>{d55ff3d7-982e-4829-b456-bc7b550d47f1}</UniqueIdentifier>
    </Filter>
    <Filter Include="D3DGameFramework\manager\cTexMtlManager\cTexMtl">
      <UniqueIdentifier>{a3fb26d7-a8a4-49cc-a358-1553f4375907}</UniqueIdentifier>
    </Filter>
    <Filter Include="D3DGameFramework\cAnimation">
      <UniqueIdentifier>{f55983c2-26db-4f39-aac9-440c1c438d90}</UniqueIdentifier>
    </Filter>
    <Filter Include="D3DGameFramework\object\cAseObj\cAseCharacter\cAsePlayer">
      <UniqueIdentifier>{c44071f5-0b73-4dc1-8c00-eeb0e322d2d6}</UniqueIdentifier>
    </Filter>
    <Filter Include="D3DGameFramework\object\cAseObj\cAseCharacter\cAseAi">
      <UniqueIdentifier>{8da263d2-4d90-4d4c-a6e4-f12b50a86e31}</UniqueIdentifier>
    </Filter>
    <Filter Include="D3DGameFramework\object\cAseObj\cAseCharacter\cAseNpc">
      <UniqueIdentifier>{d85f9668-6130-4ed6-923a-d0c6743f83c7}</UniqueIdentifier>
    </Filter>
    <Filter Include="D3DGameFramework\object\cAseObj\cAseCharacter\cAseObject">
      <UniqueIdentifier>{6aa6112d-6221-4959-8d08-ee200e493022}</UniqueIdentifier>
    </Filter>
    <Filter Include="D3DGameFramework\cXFile">
      <UniqueIdentifier>{c5274cae-e32a-4fd9-8617-4cbb924c0e2c}</UniqueIdentifier>
    </Filter>
    <Filter Include="D3DGameFramework\cProgressBar">
      <UniqueIdentifier>{511d0f65-768e-4cba-b2a8-27d67bda7992}</UniqueIdentifier>
    </Filter>
    <Filter Include="D3DGameFramework\cRay">
      <UniqueIdentifier>{4a0970bc-2994-4583-af5d-67bd311c3cdc}</UniqueIdentifier>
    </Filter>
    <Filter Include="D3DGameFramework\manager\cObjLoadManager">
      <UniqueIdentifier>{73dab628-4050-40c9-b3e1-99a144ab33db}</UniqueIdentifier>
    </Filter>
    <Filter Include="소스 파일\cMainGame\cMapTool">
      <UniqueIdentifier>{57e179b0-38fe-418b-81cc-4860b602f926}</UniqueIdentifier>
    </Filter>
    <Filter Include="D3DGameFramework\UI">
      <UniqueIdentifier>{c386e782-cdd5-43b1-a1e9-912ca5a5fa6e}</UniqueIdentifier>
    </Filter>
    <Filter Include="D3DGameFramework\UI\cUI">
      <UniqueIdentifier>{c1b6b334-5069-4b21-9163-05a156638b1a}</UniqueIdentifier>
    </Filter>
    <Filter Include="D3DGameFramework\UI\cUISprite">
      <UniqueIdentifier>{82306ba7-0328-4ec8-9d68-4e3f12c92ba5}</UniqueIdentifier>
    </Filter>
    <Filter Include="D3DGameFramework\UI\cUIButton">
      <UniqueIdentifier>{b0e675dd-3f3d-4f9f-a7b4-68eefb06f393}</UniqueIdentifier>
    </Filter>
    <Filter Include="D3DGameFramework\UI\cUIText">
      <UniqueIdentifier>{d4aea584-4d5c-4759-bc41-1b1a25714d0f}</UniqueIdentifier>
    </Filter>
    <Filter Include="D3DGameFramework\commonData\commonEN">
      <UniqueIdentifier>{3e89235c-a8d9-43f9-bac4-fb827466c617}</UniqueIdentifier>
    </Filter>
    <Filter Include="소스 파일\cMainGame\cMainMenu\cMainMenuUI">
      <UniqueIdentifier>{8ee31345-1845-4927-a5a8-dfcdb4529a42}</UniqueIdentifier>
    </Filter>
    <Filter Include="D3DGameFramework\cXFile\cSkinnedMesh">
      <UniqueIdentifier>{5839f7ff-01c4-4417-99bf-222234e142f8}</UniqueIdentifier>
    </Filter>
    <Filter Include="D3DGameFramework\cXFile\cAllocateHierarchy">
      <UniqueIdentifier>{050052d6-8fa0-4413-b061-760179abe82b}</UniqueIdentifier>
    </Filter>
    <Filter Include="D3DGameFramework\cXFile\cCharacter">
      <UniqueIdentifier>{cb36074c-99aa-4d77-841f-9e6d0fd01bb4}</UniqueIdentifier>
    </Filter>
    <Filter Include="D3DGameFramework\cXFile\cSkinnedMesh\cControlSkinnedMesh">
      <UniqueIdentifier>{b2c72fda-96e9-4376-a6e6-de5e0c9221ef}</UniqueIdentifier>
    </Filter>
    <Filter Include="D3DGameFramework\cXFile\cCharacter\cXPlayer">
      <UniqueIdentifier>{8c0315a1-cdcb-4f90-87f6-3b78f606dc9b}</UniqueIdentifier>
    </Filter>
    <Filter Include="소스 파일\cMainGame\cOption">
      <UniqueIdentifier>{6ae4728e-fee9-4058-a542-f1ff0bd50ebc}</UniqueIdentifier>
    </Filter>
    <Filter Include="소스 파일\cInven">
      <UniqueIdentifier>{491cb1f7-219b-4983-b87b-e6c20ae5d54c}</UniqueIdentifier>
    </Filter>
    <Filter Include="소스 파일\cEquip">
      <UniqueIdentifier>{522c3cc8-e66b-48b7-baac-7fd6f52d75dc}</UniqueIdentifier>
    </Filter>
    <Filter Include="소스 파일\cItemManager">
      <UniqueIdentifier>{d1f386d5-4fb8-4026-84b7-2e8847f8e7cf}</UniqueIdentifier>
    </Filter>
    <Filter Include="소스 파일\cItemManager\cItem">
      <UniqueIdentifier>{c8ebc387-420a-4905-ab54-24862f0c181d}</UniqueIdentifier>
    </Filter>
  </ItemGroup>
  <ItemGroup>
    <ClInclude Include="stdafx.h">
      <Filter>헤더 파일</Filter>
    </ClInclude>
    <ClInclude Include="targetver.h">
      <Filter>헤더 파일</Filter>
    </ClInclude>
    <ClInclude Include="resource.h">
      <Filter>헤더 파일</Filter>
    </ClInclude>
    <ClInclude Include="D3DMain.h">
      <Filter>소스 파일\D3DMain</Filter>
    </ClInclude>
    <ClInclude Include="cSingletonBase.h">
      <Filter>D3DGameFramework\cSingletonBase</Filter>
    </ClInclude>
    <ClInclude Include="cGameNode.h">
      <Filter>D3DGameFramework\cGameNode</Filter>
    </ClInclude>
    <ClInclude Include="cMainGame.h">
      <Filter>소스 파일\cMainGame</Filter>
    </ClInclude>
    <ClInclude Include="cKeyManager.h">
      <Filter>D3DGameFramework\manager\cKeyManager</Filter>
    </ClInclude>
    <ClInclude Include="cDeviceManager.h">
      <Filter>D3DGameFramework\manager\cDeviceManager</Filter>
    </ClInclude>
    <ClInclude Include="commonST.h">
      <Filter>D3DGameFramework\commonData\commonST</Filter>
    </ClInclude>
    <ClInclude Include="commonDF.h">
      <Filter>D3DGameFramework\commonData\commonDF</Filter>
    </ClInclude>
    <ClInclude Include="cCamera.h">
      <Filter>D3DGameFramework\cCamera</Filter>
    </ClInclude>
    <ClInclude Include="cCubeTile.h">
      <Filter>D3DGameFramework\tile\cCubeTile</Filter>
    </ClInclude>
    <ClInclude Include="cRectTile.h">
      <Filter>D3DGameFramework\tile\cRectTile</Filter>
    </ClInclude>
    <ClInclude Include="cGrid.h">
      <Filter>D3DGameFramework\grid</Filter>
    </ClInclude>
    <ClInclude Include="cRndManager.h">
      <Filter>D3DGameFramework\manager\cRndManager</Filter>
    </ClInclude>
    <ClInclude Include="cCubeMan.h">
      <Filter>D3DGameFramework\object\cCubeObj\cCubeCharacter\cCubeMan</Filter>
    </ClInclude>
    <ClInclude Include="cCubeParts.h">
      <Filter>D3DGameFramework\object\cCubeObj</Filter>
    </ClInclude>
    <ClInclude Include="cTimeManager.h">
      <Filter>D3DGameFramework\manager\cTimeManager</Filter>
    </ClInclude>
    <ClInclude Include="cTimer.h">
      <Filter>D3DGameFramework\manager\cTimeManager\cTimer</Filter>
    </ClInclude>
    <ClInclude Include="cSceneManager.h">
      <Filter>D3DGameFramework\manager\cSceneManager</Filter>
    </ClInclude>
    <ClInclude Include="cInGame.h">
      <Filter>소스 파일\cMainGame\cInGame</Filter>
    </ClInclude>
    <ClInclude Include="cSoundManager.h">
      <Filter>D3DGameFramework\manager\cSoundManager</Filter>
    </ClInclude>
    <ClInclude Include="commonFC.h">
      <Filter>D3DGameFramework\commonData\commonFC</Filter>
    </ClInclude>
    <ClInclude Include="cImage.h">
      <Filter>D3DGameFramework\manager\cImageManager\cImage</Filter>
    </ClInclude>
    <ClInclude Include="cMainMenu.h">
      <Filter>소스 파일\cMainGame\cMainMenu</Filter>
    </ClInclude>
    <ClInclude Include="cImageManager.h">
      <Filter>D3DGameFramework\manager\cImageManager</Filter>
    </ClInclude>
    <ClInclude Include="cSpriteManager.h">
      <Filter>D3DGameFramework\manager\cSpriteManager</Filter>
    </ClInclude>
    <ClInclude Include="cSprite.h">
      <Filter>D3DGameFramework\manager\cSpriteManager\cSprite</Filter>
    </ClInclude>
    <ClInclude Include="cAction.h">
      <Filter>D3DGameFramework\action\cAction</Filter>
    </ClInclude>
    <ClInclude Include="cActionLiner.h">
      <Filter>D3DGameFramework\action\cAction\cActionLiner</Filter>
    </ClInclude>
    <ClInclude Include="cActionSequence.h">
      <Filter>D3DGameFramework\action\cAction\cActionSequence</Filter>
    </ClInclude>
    <ClInclude Include="cInterpolation.h">
      <Filter>D3DGameFramework\action\cInterpolation</Filter>
    </ClInclude>
    <ClInclude Include="cFont.h">
      <Filter>D3DGameFramework\manager\cFontManager\cFont</Filter>
    </ClInclude>
    <ClInclude Include="cFontManager.h">
      <Filter>D3DGameFramework\manager\cFontManager</Filter>
    </ClInclude>
    <ClInclude Include="utils.h">
      <Filter>D3DGameFramework\UTILS</Filter>
    </ClInclude>
    <ClInclude Include="cCharacter.h">
      <Filter>D3DGameFramework\cXFile\cCharacter</Filter>
    </ClInclude>
    <ClInclude Include="cCubeManNpc.h">
      <Filter>D3DGameFramework\object\cCubeObj\cCubeCharacter\cCubeMan\cCubeManNpc</Filter>
    </ClInclude>
    <ClInclude Include="cCubeManAi.h">
      <Filter>D3DGameFramework\object\cCubeObj\cCubeCharacter\cCubeMan\cCubeManAi</Filter>
    </ClInclude>
    <ClInclude Include="cCubeManPlayer.h">
      <Filter>D3DGameFramework\object\cCubeObj\cCubeCharacter\cCubeMan\cCubeManPlayer</Filter>
    </ClInclude>
    <ClInclude Include="cCubeNode.h">
      <Filter>D3DGameFramework\object\cCubeObj</Filter>
    </ClInclude>
    <ClInclude Include="cCube.h">
      <Filter>D3DGameFramework\object\cCubeObj</Filter>
    </ClInclude>
    <ClInclude Include="cAseNode.h">
      <Filter>D3DGameFramework\object\cAseObj</Filter>
    </ClInclude>
    <ClInclude Include="cAse.h">
      <Filter>D3DGameFramework\object\cAseObj</Filter>
    </ClInclude>
    <ClInclude Include="cAseLoadManager.h">
      <Filter>D3DGameFramework\manager\cAseLoadManager</Filter>
    </ClInclude>
    <ClInclude Include="cTexMtlManager.h">
      <Filter>D3DGameFramework\manager\cTexMtlManager</Filter>
    </ClInclude>
    <ClInclude Include="cTexMtl.h">
      <Filter>D3DGameFramework\manager\cTexMtlManager\cTexMtl</Filter>
    </ClInclude>
    <ClInclude Include="cAnimation.h">
      <Filter>D3DGameFramework\cAnimation</Filter>
    </ClInclude>
    <ClInclude Include="cAsePlayer.h">
      <Filter>D3DGameFramework\object\cAseObj\cAseCharacter\cAsePlayer</Filter>
    </ClInclude>
    <ClInclude Include="cAseAi.h">
      <Filter>D3DGameFramework\object\cAseObj\cAseCharacter\cAseAi</Filter>
    </ClInclude>
    <ClInclude Include="cAseNpc.h">
      <Filter>D3DGameFramework\object\cAseObj\cAseCharacter\cAseNpc</Filter>
    </ClInclude>
    <ClInclude Include="cAseObject.h">
      <Filter>D3DGameFramework\object\cAseObj\cAseCharacter\cAseObject</Filter>
    </ClInclude>
    <ClInclude Include="cProgressBar.h">
      <Filter>D3DGameFramework\cProgressBar</Filter>
    </ClInclude>
    <ClInclude Include="cRay.h">
      <Filter>D3DGameFramework\cRay</Filter>
    </ClInclude>
    <ClInclude Include="cObjLoadManager.h">
      <Filter>D3DGameFramework\manager\cObjLoadManager</Filter>
    </ClInclude>
    <ClInclude Include="cMapTool.h">
      <Filter>소스 파일\cMainGame\cMapTool</Filter>
    </ClInclude>
    <ClInclude Include="cUI.h">
      <Filter>D3DGameFramework\UI\cUI</Filter>
    </ClInclude>
    <ClInclude Include="cUIButton.h">
      <Filter>D3DGameFramework\UI\cUIButton</Filter>
    </ClInclude>
    <ClInclude Include="cUISprite.h">
      <Filter>D3DGameFramework\UI\cUISprite</Filter>
    </ClInclude>
    <ClInclude Include="cUIText.h">
      <Filter>D3DGameFramework\UI\cUIText</Filter>
    </ClInclude>
    <ClInclude Include="commonEN.h">
      <Filter>D3DGameFramework\commonData\commonEN</Filter>
    </ClInclude>
    <ClInclude Include="cMainMenuUI.h">
      <Filter>소스 파일\cMainGame\cMainMenu\cMainMenuUI</Filter>
    </ClInclude>
    <ClInclude Include="cAllocateHierarchy.h">
      <Filter>D3DGameFramework\cXFile\cAllocateHierarchy</Filter>
    </ClInclude>
    <ClInclude Include="cSkinnedMesh.h">
      <Filter>D3DGameFramework\cXFile\cSkinnedMesh</Filter>
    </ClInclude>
    <ClInclude Include="cXPlayer.h">
      <Filter>D3DGameFramework\cXFile\cCharacter\cXPlayer</Filter>
    </ClInclude>
    <ClInclude Include="cSkinnedPlayer.h">
      <Filter>D3DGameFramework\cXFile\cSkinnedMesh\cControlSkinnedMesh</Filter>
    </ClInclude>
    <ClInclude Include="cOption.h">
      <Filter>소스 파일\cMainGame\cOption</Filter>
    </ClInclude>
    <ClInclude Include="cEquip.h">
      <Filter>소스 파일\cEquip</Filter>
    </ClInclude>
    <ClInclude Include="cInven.h">
      <Filter>소스 파일\cInven</Filter>
    </ClInclude>
    <ClInclude Include="cItem.h">
      <Filter>소스 파일\cItemManager\cItem</Filter>
    </ClInclude>
    <ClInclude Include="cItemManager.h">
      <Filter>소스 파일\cItemManager</Filter>
    </ClInclude>
  </ItemGroup>
  <ItemGroup>
    <ClCompile Include="stdafx.cpp">
      <Filter>소스 파일</Filter>
    </ClCompile>
    <ClCompile Include="D3DMain.cpp">
      <Filter>소스 파일\D3DMain</Filter>
    </ClCompile>
    <ClCompile Include="cGameNode.cpp">
      <Filter>D3DGameFramework\cGameNode</Filter>
    </ClCompile>
    <ClCompile Include="cKeyManager.cpp">
      <Filter>D3DGameFramework\manager\cKeyManager</Filter>
    </ClCompile>
    <ClCompile Include="cDeviceManager.cpp">
      <Filter>D3DGameFramework\manager\cDeviceManager</Filter>
    </ClCompile>
    <ClCompile Include="cCamera.cpp">
      <Filter>D3DGameFramework\cCamera</Filter>
    </ClCompile>
    <ClCompile Include="cCubeTile.cpp">
      <Filter>D3DGameFramework\tile\cCubeTile</Filter>
    </ClCompile>
    <ClCompile Include="cRectTile.cpp">
      <Filter>D3DGameFramework\tile\cRectTile</Filter>
    </ClCompile>
    <ClCompile Include="cGrid.cpp">
      <Filter>D3DGameFramework\grid</Filter>
    </ClCompile>
    <ClCompile Include="cRndManager.cpp">
      <Filter>D3DGameFramework\manager\cRndManager</Filter>
    </ClCompile>
    <ClCompile Include="cCubeMan.cpp">
      <Filter>D3DGameFramework\object\cCubeObj\cCubeCharacter\cCubeMan</Filter>
    </ClCompile>
    <ClCompile Include="cCubeParts.cpp">
      <Filter>D3DGameFramework\object\cCubeObj</Filter>
    </ClCompile>
    <ClCompile Include="cTimeManager.cpp">
      <Filter>D3DGameFramework\manager\cTimeManager</Filter>
    </ClCompile>
    <ClCompile Include="cTimer.cpp">
      <Filter>D3DGameFramework\manager\cTimeManager\cTimer</Filter>
    </ClCompile>
    <ClCompile Include="cSceneManager.cpp">
      <Filter>D3DGameFramework\manager\cSceneManager</Filter>
    </ClCompile>
    <ClCompile Include="cInGame.cpp">
      <Filter>소스 파일\cMainGame\cInGame</Filter>
    </ClCompile>
    <ClCompile Include="cMainMenu.cpp">
      <Filter>소스 파일\cMainGame\cMainMenu</Filter>
    </ClCompile>
    <ClCompile Include="cSoundManager.cpp">
      <Filter>D3DGameFramework\manager\cSoundManager</Filter>
    </ClCompile>
    <ClCompile Include="cImage.cpp">
      <Filter>D3DGameFramework\manager\cImageManager\cImage</Filter>
    </ClCompile>
    <ClCompile Include="cImageManager.cpp">
      <Filter>D3DGameFramework\manager\cImageManager</Filter>
    </ClCompile>
    <ClCompile Include="cSpriteManager.cpp">
      <Filter>D3DGameFramework\manager\cSpriteManager</Filter>
    </ClCompile>
    <ClCompile Include="cSprite.cpp">
      <Filter>D3DGameFramework\manager\cSpriteManager\cSprite</Filter>
    </ClCompile>
    <ClCompile Include="cMainGame.cpp">
      <Filter>소스 파일\cMainGame</Filter>
    </ClCompile>
    <ClCompile Include="cActionLiner.cpp">
      <Filter>D3DGameFramework\action\cAction\cActionLiner</Filter>
    </ClCompile>
    <ClCompile Include="cActionSequence.cpp">
      <Filter>D3DGameFramework\action\cAction\cActionSequence</Filter>
    </ClCompile>
    <ClCompile Include="cInterpolation.cpp">
      <Filter>D3DGameFramework\action\cInterpolation</Filter>
    </ClCompile>
    <ClCompile Include="cFont.cpp">
      <Filter>D3DGameFramework\manager\cFontManager\cFont</Filter>
    </ClCompile>
    <ClCompile Include="cFontManager.cpp">
      <Filter>D3DGameFramework\manager\cFontManager</Filter>
    </ClCompile>
    <ClCompile Include="utils.cpp">
      <Filter>D3DGameFramework\UTILS</Filter>
    </ClCompile>
    <ClCompile Include="cCharacter.cpp">
      <Filter>D3DGameFramework\cXFile\cCharacter</Filter>
    </ClCompile>
    <ClCompile Include="cCubeManNpc.cpp">
      <Filter>D3DGameFramework\object\cCubeObj\cCubeCharacter\cCubeMan\cCubeManNpc</Filter>
    </ClCompile>
    <ClCompile Include="cCubeManAi.cpp">
      <Filter>D3DGameFramework\object\cCubeObj\cCubeCharacter\cCubeMan\cCubeManAi</Filter>
    </ClCompile>
    <ClCompile Include="cCubeManPlayer.cpp">
      <Filter>D3DGameFramework\object\cCubeObj\cCubeCharacter\cCubeMan\cCubeManPlayer</Filter>
    </ClCompile>
    <ClCompile Include="cCubeNode.cpp">
      <Filter>D3DGameFramework\object\cCubeObj</Filter>
    </ClCompile>
    <ClCompile Include="cCube.cpp">
      <Filter>D3DGameFramework\object\cCubeObj</Filter>
    </ClCompile>
    <ClCompile Include="cAseNode.cpp">
      <Filter>D3DGameFramework\object\cAseObj</Filter>
    </ClCompile>
    <ClCompile Include="cAse.cpp">
      <Filter>D3DGameFramework\object\cAseObj</Filter>
    </ClCompile>
    <ClCompile Include="cAseLoadManager.cpp">
      <Filter>D3DGameFramework\manager\cAseLoadManager</Filter>
    </ClCompile>
    <ClCompile Include="cTexMtlManager.cpp">
      <Filter>D3DGameFramework\manager\cTexMtlManager</Filter>
    </ClCompile>
    <ClCompile Include="cTexMtl.cpp">
      <Filter>D3DGameFramework\manager\cTexMtlManager\cTexMtl</Filter>
    </ClCompile>
    <ClCompile Include="cAnimation.cpp">
      <Filter>D3DGameFramework\cAnimation</Filter>
    </ClCompile>
    <ClCompile Include="cAsePlayer.cpp">
      <Filter>D3DGameFramework\object\cAseObj\cAseCharacter\cAsePlayer</Filter>
    </ClCompile>
    <ClCompile Include="cAseAi.cpp">
      <Filter>D3DGameFramework\object\cAseObj\cAseCharacter\cAseAi</Filter>
    </ClCompile>
    <ClCompile Include="cAseNpc.cpp">
      <Filter>D3DGameFramework\object\cAseObj\cAseCharacter\cAseNpc</Filter>
    </ClCompile>
    <ClCompile Include="cAseObject.cpp">
      <Filter>D3DGameFramework\object\cAseObj\cAseCharacter\cAseObject</Filter>
    </ClCompile>
    <ClCompile Include="cProgressBar.cpp">
      <Filter>D3DGameFramework\cProgressBar</Filter>
    </ClCompile>
    <ClCompile Include="cRay.cpp">
      <Filter>D3DGameFramework\cRay</Filter>
    </ClCompile>
    <ClCompile Include="cObjLoadManager.cpp">
      <Filter>D3DGameFramework\manager\cObjLoadManager</Filter>
    </ClCompile>
    <ClCompile Include="cMapTool.cpp">
      <Filter>소스 파일\cMainGame\cMapTool</Filter>
    </ClCompile>
    <ClCompile Include="cUI.cpp">
      <Filter>D3DGameFramework\UI\cUI</Filter>
    </ClCompile>
    <ClCompile Include="cUIButton.cpp">
      <Filter>D3DGameFramework\UI\cUIButton</Filter>
    </ClCompile>
    <ClCompile Include="cUISprite.cpp">
      <Filter>D3DGameFramework\UI\cUISprite</Filter>
    </ClCompile>
    <ClCompile Include="cUIText.cpp">
      <Filter>D3DGameFramework\UI\cUIText</Filter>
    </ClCompile>
    <ClCompile Include="cMainMenuUI.cpp">
      <Filter>소스 파일\cMainGame\cMainMenu\cMainMenuUI</Filter>
    </ClCompile>
    <ClCompile Include="cAllocateHierarchy.cpp">
      <Filter>D3DGameFramework\cXFile\cAllocateHierarchy</Filter>
    </ClCompile>
    <ClCompile Include="cSkinnedMesh.cpp">
      <Filter>D3DGameFramework\cXFile\cSkinnedMesh</Filter>
    </ClCompile>
    <ClCompile Include="cXPlayer.cpp">
      <Filter>D3DGameFramework\cXFile\cCharacter\cXPlayer</Filter>
    </ClCompile>
    <ClCompile Include="cSkinnedPlayer.cpp">
      <Filter>D3DGameFramework\cXFile\cSkinnedMesh\cControlSkinnedMesh</Filter>
    </ClCompile>
    <ClCompile Include="cOption.cpp">
      <Filter>소스 파일\cMainGame\cOption</Filter>
    </ClCompile>
    <ClCompile Include="cEquip.cpp">
      <Filter>소스 파일\cEquip</Filter>
    </ClCompile>
    <ClCompile Include="cInven.cpp">
      <Filter>소스 파일\cInven</Filter>
    </ClCompile>
    <ClCompile Include="cItem.cpp">
      <Filter>소스 파일\cItemManager\cItem</Filter>
    </ClCompile>
    <ClCompile Include="cItemManager.cpp">
      <Filter>소스 파일\cItemManager</Filter>
    </ClCompile>
  </ItemGroup>
  <ItemGroup>
    <ResourceCompile Include="D3D_Framework.rc">
      <Filter>리소스 파일</Filter>
    </ResourceCompile>
  </ItemGroup>
  <ItemGroup>
    <Image Include="small.ico">
      <Filter>리소스 파일</Filter>
    </Image>
    <Image Include="D3D_Framework.ico">
      <Filter>리소스 파일</Filter>
    </Image>
  </ItemGroup>
</Project>